// !$*UTF8*$!
{
	archiveVersion = 1;
	classes = {
	};
	objectVersion = 77;
	objects = {

/* Begin PBXContainerItemProxy section */
		88DA8A872D9F65D00093E6C7 /* PBXContainerItemProxy */ = {
			isa = PBXContainerItemProxy;
			containerPortal = 88DA8A6F2D9F65CF0093E6C7 /* Project object */;
			proxyType = 1;
			remoteGlobalIDString = 88DA8A762D9F65CF0093E6C7;
			remoteInfo = EuniMockInterview;
		};
		88DA8A912D9F65D00093E6C7 /* PBXContainerItemProxy */ = {
			isa = PBXContainerItemProxy;
			containerPortal = 88DA8A6F2D9F65CF0093E6C7 /* Project object */;
			proxyType = 1;
			remoteGlobalIDString = 88DA8A762D9F65CF0093E6C7;
			remoteInfo = EuniMockInterview;
		};
/* End PBXContainerItemProxy section */

/* Begin PBXFileReference section */
		88DA8A772D9F65CF0093E6C7 /* EuniMockInterview.app */ = {isa = PBXFileReference; explicitFileType = wrapper.application; includeInIndex = 0; path = EuniMockInterview.app; sourceTree = BUILT_PRODUCTS_DIR; };
		88DA8A862D9F65D00093E6C7 /* EuniMockInterviewTests.xctest */ = {isa = PBXFileReference; explicitFileType = wrapper.cfbundle; includeInIndex = 0; path = EuniMockInterviewTests.xctest; sourceTree = BUILT_PRODUCTS_DIR; };
		88DA8A902D9F65D00093E6C7 /* EuniMockInterviewUITests.xctest */ = {isa = PBXFileReference; explicitFileType = wrapper.cfbundle; includeInIndex = 0; path = EuniMockInterviewUITests.xctest; sourceTree = BUILT_PRODUCTS_DIR; };
/* End PBXFileReference section */

/* Begin PBXFileSystemSynchronizedRootGroup section */
		88DA8A792D9F65CF0093E6C7 /* EuniMockInterview */ = {
			isa = PBXFileSystemSynchronizedRootGroup;
			path = EuniMockInterview;
			sourceTree = "<group>";
		};
		88DA8A892D9F65D00093E6C7 /* EuniMockInterviewTests */ = {
			isa = PBXFileSystemSynchronizedRootGroup;
			path = EuniMockInterviewTests;
			sourceTree = "<group>";
		};
		88DA8A932D9F65D00093E6C7 /* EuniMockInterviewUITests */ = {
			isa = PBXFileSystemSynchronizedRootGroup;
			path = EuniMockInterviewUITests;
			sourceTree = "<group>";
		};
/* End PBXFileSystemSynchronizedRootGroup section */

/* Begin PBXFrameworksBuildPhase section */
		88DA8A742D9F65CF0093E6C7 /* Frameworks */ = {
			isa = PBXFrameworksBuildPhase;
			buildActionMask = 2147483647;
			files = (
			);
			runOnlyForDeploymentPostprocessing = 0;
		};
		88DA8A832D9F65D00093E6C7 /* Frameworks */ = {
			isa = PBXFrameworksBuildPhase;
			buildActionMask = 2147483647;
			files = (
			);
			runOnlyForDeploymentPostprocessing = 0;
		};
		88DA8A8D2D9F65D00093E6C7 /* Frameworks */ = {
			isa = PBXFrameworksBuildPhase;
			buildActionMask = 2147483647;
			files = (
			);
			runOnlyForDeploymentPostprocessing = 0;
		};
/* End PBXFrameworksBuildPhase section */

/* Begin PBXGroup section */
		88DA8A6E2D9F65CF0093E6C7 = {
			isa = PBXGroup;
			children = (
				88DA8A792D9F65CF0093E6C7 /* EuniMockInterview */,
				88DA8A892D9F65D00093E6C7 /* EuniMockInterviewTests */,
				88DA8A932D9F65D00093E6C7 /* EuniMockInterviewUITests */,
				88DA8A782D9F65CF0093E6C7 /* Products */,
			);
			sourceTree = "<group>";
		};
		88DA8A782D9F65CF0093E6C7 /* Products */ = {
			isa = PBXGroup;
			children = (
				88DA8A772D9F65CF0093E6C7 /* EuniMockInterview.app */,
				88DA8A862D9F65D00093E6C7 /* EuniMockInterviewTests.xctest */,
				88DA8A902D9F65D00093E6C7 /* EuniMockInterviewUITests.xctest */,
			);
			name = Products;
			sourceTree = "<group>";
		};
/* End PBXGroup section */

/* Begin PBXNativeTarget section */
		88DA8A762D9F65CF0093E6C7 /* EuniMockInterview */ = {
			isa = PBXNativeTarget;
			buildConfigurationList = 88DA8A9A2D9F65D00093E6C7 /* Build configuration list for PBXNativeTarget "EuniMockInterview" */;
			buildPhases = (
				88DA8A732D9F65CF0093E6C7 /* Sources */,
				88DA8A742D9F65CF0093E6C7 /* Frameworks */,
				88DA8A752D9F65CF0093E6C7 /* Resources */,
			);
			buildRules = (
			);
			dependencies = (
			);
			fileSystemSynchronizedGroups = (
				88DA8A792D9F65CF0093E6C7 /* EuniMockInterview */,
			);
			name = EuniMockInterview;
			packageProductDependencies = (
			);
			productName = EuniMockInterview;
			productReference = 88DA8A772D9F65CF0093E6C7 /* EuniMockInterview.app */;
			productType = "com.apple.product-type.application";
		};
		88DA8A852D9F65D00093E6C7 /* EuniMockInterviewTests */ = {
			isa = PBXNativeTarget;
			buildConfigurationList = 88DA8A9D2D9F65D00093E6C7 /* Build configuration list for PBXNativeTarget "EuniMockInterviewTests" */;
			buildPhases = (
				88DA8A822D9F65D00093E6C7 /* Sources */,
				88DA8A832D9F65D00093E6C7 /* Frameworks */,
				88DA8A842D9F65D00093E6C7 /* Resources */,
			);
			buildRules = (
			);
			dependencies = (
				88DA8A882D9F65D00093E6C7 /* PBXTargetDependency */,
			);
			fileSystemSynchronizedGroups = (
				88DA8A892D9F65D00093E6C7 /* EuniMockInterviewTests */,
			);
			name = EuniMockInterviewTests;
			packageProductDependencies = (
			);
			productName = EuniMockInterviewTests;
			productReference = 88DA8A862D9F65D00093E6C7 /* EuniMockInterviewTests.xctest */;
			productType = "com.apple.product-type.bundle.unit-test";
		};
		88DA8A8F2D9F65D00093E6C7 /* EuniMockInterviewUITests */ = {
			isa = PBXNativeTarget;
			buildConfigurationList = 88DA8AA02D9F65D00093E6C7 /* Build configuration list for PBXNativeTarget "EuniMockInterviewUITests" */;
			buildPhases = (
				88DA8A8C2D9F65D00093E6C7 /* Sources */,
				88DA8A8D2D9F65D00093E6C7 /* Frameworks */,
				88DA8A8E2D9F65D00093E6C7 /* Resources */,
			);
			buildRules = (
			);
			dependencies = (
				88DA8A922D9F65D00093E6C7 /* PBXTargetDependency */,
			);
			fileSystemSynchronizedGroups = (
				88DA8A932D9F65D00093E6C7 /* EuniMockInterviewUITests */,
			);
			name = EuniMockInterviewUITests;
			packageProductDependencies = (
			);
			productName = EuniMockInterviewUITests;
			productReference = 88DA8A902D9F65D00093E6C7 /* EuniMockInterviewUITests.xctest */;
			productType = "com.apple.product-type.bundle.ui-testing";
		};
/* End PBXNativeTarget section */

/* Begin PBXProject section */
		88DA8A6F2D9F65CF0093E6C7 /* Project object */ = {
			isa = PBXProject;
			attributes = {
				BuildIndependentTargetsInParallel = 1;
				LastSwiftUpdateCheck = 1630;
				LastUpgradeCheck = 1630;
				TargetAttributes = {
					88DA8A762D9F65CF0093E6C7 = {
						CreatedOnToolsVersion = 16.3;
					};
					88DA8A852D9F65D00093E6C7 = {
						CreatedOnToolsVersion = 16.3;
						TestTargetID = 88DA8A762D9F65CF0093E6C7;
					};
					88DA8A8F2D9F65D00093E6C7 = {
						CreatedOnToolsVersion = 16.3;
						TestTargetID = 88DA8A762D9F65CF0093E6C7;
					};
				};
			};
			buildConfigurationList = 88DA8A722D9F65CF0093E6C7 /* Build configuration list for PBXProject "EuniMockInterview" */;
			developmentRegion = en;
			hasScannedForEncodings = 0;
			knownRegions = (
				en,
				Base,
			);
			mainGroup = 88DA8A6E2D9F65CF0093E6C7;
			minimizedProjectReferenceProxies = 1;
			preferredProjectObjectVersion = 77;
			productRefGroup = 88DA8A782D9F65CF0093E6C7 /* Products */;
			projectDirPath = "";
			projectRoot = "";
			targets = (
				88DA8A762D9F65CF0093E6C7 /* EuniMockInterview */,
				88DA8A852D9F65D00093E6C7 /* EuniMockInterviewTests */,
				88DA8A8F2D9F65D00093E6C7 /* EuniMockInterviewUITests */,
			);
		};
/* End PBXProject section */

/* Begin PBXResourcesBuildPhase section */
		88DA8A752D9F65CF0093E6C7 /* Resources */ = {
			isa = PBXResourcesBuildPhase;
			buildActionMask = 2147483647;
			files = (
			);
			runOnlyForDeploymentPostprocessing = 0;
		};
		88DA8A842D9F65D00093E6C7 /* Resources */ = {
			isa = PBXResourcesBuildPhase;
			buildActionMask = 2147483647;
			files = (
			);
			runOnlyForDeploymentPostprocessing = 0;
		};
		88DA8A8E2D9F65D00093E6C7 /* Resources */ = {
			isa = PBXResourcesBuildPhase;
			buildActionMask = 2147483647;
			files = (
			);
			runOnlyForDeploymentPostprocessing = 0;
		};
/* End PBXResourcesBuildPhase section */

/* Begin PBXSourcesBuildPhase section */
		88DA8A732D9F65CF0093E6C7 /* Sources */ = {
			isa = PBXSourcesBuildPhase;
			buildActionMask = 2147483647;
			files = (
			);
			runOnlyForDeploymentPostprocessing = 0;
		};
		88DA8A822D9F65D00093E6C7 /* Sources */ = {
			isa = PBXSourcesBuildPhase;
			buildActionMask = 2147483647;
			files = (
			);
			runOnlyForDeploymentPostprocessing = 0;
		};
		88DA8A8C2D9F65D00093E6C7 /* Sources */ = {
			isa = PBXSourcesBuildPhase;
			buildActionMask = 2147483647;
			files = (
			);
			runOnlyForDeploymentPostprocessing = 0;
		};
/* End PBXSourcesBuildPhase section */

/* Begin PBXTargetDependency section */
		88DA8A882D9F65D00093E6C7 /* PBXTargetDependency */ = {
			isa = PBXTargetDependency;
			target = 88DA8A762D9F65CF0093E6C7 /* EuniMockInterview */;
			targetProxy = 88DA8A872D9F65D00093E6C7 /* PBXContainerItemProxy */;
		};
		88DA8A922D9F65D00093E6C7 /* PBXTargetDependency */ = {
			isa = PBXTargetDependency;
			target = 88DA8A762D9F65CF0093E6C7 /* EuniMockInterview */;
			targetProxy = 88DA8A912D9F65D00093E6C7 /* PBXContainerItemProxy */;
		};
/* End PBXTargetDependency section */

/* Begin XCBuildConfiguration section */
		88DA8A982D9F65D00093E6C7 /* Debug */ = {
			isa = XCBuildConfiguration;
			buildSettings = {
				ALWAYS_SEARCH_USER_PATHS = NO;
				ASSETCATALOG_COMPILER_GENERATE_SWIFT_ASSET_SYMBOL_EXTENSIONS = YES;
				CLANG_ANALYZER_NONNULL = YES;
				CLANG_ANALYZER_NUMBER_OBJECT_CONVERSION = YES_AGGRESSIVE;
				CLANG_CXX_LANGUAGE_STANDARD = "gnu++20";
				CLANG_ENABLE_MODULES = YES;
				CLANG_ENABLE_OBJC_ARC = YES;
				CLANG_ENABLE_OBJC_WEAK = YES;
				CLANG_WARN_BLOCK_CAPTURE_AUTORELEASING = YES;
				CLANG_WARN_BOOL_CONVERSION = YES;
				CLANG_WARN_COMMA = YES;
				CLANG_WARN_CONSTANT_CONVERSION = YES;
				CLANG_WARN_DEPRECATED_OBJC_IMPLEMENTATIONS = YES;
				CLANG_WARN_DIRECT_OBJC_ISA_USAGE = YES_ERROR;
				CLANG_WARN_DOCUMENTATION_COMMENTS = YES;
				CLANG_WARN_EMPTY_BODY = YES;
				CLANG_WARN_ENUM_CONVERSION = YES;
				CLANG_WARN_INFINITE_RECURSION = YES;
				CLANG_WARN_INT_CONVERSION = YES;
				CLANG_WARN_NON_LITERAL_NULL_CONVERSION = YES;
				CLANG_WARN_OBJC_IMPLICIT_RETAIN_SELF = YES;
				CLANG_WARN_OBJC_LITERAL_CONVERSION = YES;
				CLANG_WARN_OBJC_ROOT_CLASS = YES_ERROR;
				CLANG_WARN_QUOTED_INCLUDE_IN_FRAMEWORK_HEADER = YES;
				CLANG_WARN_RANGE_LOOP_ANALYSIS = YES;
				CLANG_WARN_STRICT_PROTOTYPES = YES;
				CLANG_WARN_SUSPICIOUS_MOVE = YES;
				CLANG_WARN_UNGUARDED_AVAILABILITY = YES_AGGRESSIVE;
				CLANG_WARN_UNREACHABLE_CODE = YES;
				CLANG_WARN__DUPLICATE_METHOD_MATCH = YES;
				COPY_PHASE_STRIP = NO;
				DEBUG_INFORMATION_FORMAT = dwarf;
				DEVELOPMENT_TEAM = MC8BT9Z8GD;
				ENABLE_STRICT_OBJC_MSGSEND = YES;
				ENABLE_TESTABILITY = YES;
				ENABLE_USER_SCRIPT_SANDBOXING = YES;
				GCC_C_LANGUAGE_STANDARD = gnu17;
				GCC_DYNAMIC_NO_PIC = NO;
				GCC_NO_COMMON_BLOCKS = YES;
				GCC_OPTIMIZATION_LEVEL = 0;
				GCC_PREPROCESSOR_DEFINITIONS = (
					"DEBUG=1",
					"$(inherited)",
				);
				GCC_WARN_64_TO_32_BIT_CONVERSION = YES;
				GCC_WARN_ABOUT_RETURN_TYPE = YES_ERROR;
				GCC_WARN_UNDECLARED_SELECTOR = YES;
				GCC_WARN_UNINITIALIZED_AUTOS = YES_AGGRESSIVE;
				GCC_WARN_UNUSED_FUNCTION = YES;
				GCC_WARN_UNUSED_VARIABLE = YES;
				IPHONEOS_DEPLOYMENT_TARGET = 18.4;
				LOCALIZATION_PREFERS_STRING_CATALOGS = YES;
				MTL_ENABLE_DEBUG_INFO = INCLUDE_SOURCE;
				MTL_FAST_MATH = YES;
				ONLY_ACTIVE_ARCH = YES;
				SDKROOT = iphoneos;
				SWIFT_ACTIVE_COMPILATION_CONDITIONS = "DEBUG $(inherited)";
				SWIFT_OPTIMIZATION_LEVEL = "-Onone";
			};
			name = Debug;
		};
		88DA8A992D9F65D00093E6C7 /* Release */ = {
			isa = XCBuildConfiguration;
			buildSettings = {
				ALWAYS_SEARCH_USER_PATHS = NO;
				ASSETCATALOG_COMPILER_GENERATE_SWIFT_ASSET_SYMBOL_EXTENSIONS = YES;
				CLANG_ANALYZER_NONNULL = YES;
				CLANG_ANALYZER_NUMBER_OBJECT_CONVERSION = YES_AGGRESSIVE;
				CLANG_CXX_LANGUAGE_STANDARD = "gnu++20";
				CLANG_ENABLE_MODULES = YES;
				CLANG_ENABLE_OBJC_ARC = YES;
				CLANG_ENABLE_OBJC_WEAK = YES;
				CLANG_WARN_BLOCK_CAPTURE_AUTORELEASING = YES;
				CLANG_WARN_BOOL_CONVERSION = YES;
				CLANG_WARN_COMMA = YES;
				CLANG_WARN_CONSTANT_CONVERSION = YES;
				CLANG_WARN_DEPRECATED_OBJC_IMPLEMENTATIONS = YES;
				CLANG_WARN_DIRECT_OBJC_ISA_USAGE = YES_ERROR;
				CLANG_WARN_DOCUMENTATION_COMMENTS = YES;
				CLANG_WARN_EMPTY_BODY = YES;
				CLANG_WARN_ENUM_CONVERSION = YES;
				CLANG_WARN_INFINITE_RECURSION = YES;
				CLANG_WARN_INT_CONVERSION = YES;
				CLANG_WARN_NON_LITERAL_NULL_CONVERSION = YES;
				CLANG_WARN_OBJC_IMPLICIT_RETAIN_SELF = YES;
				CLANG_WARN_OBJC_LITERAL_CONVERSION = YES;
				CLANG_WARN_OBJC_ROOT_CLASS = YES_ERROR;
				CLANG_WARN_QUOTED_INCLUDE_IN_FRAMEWORK_HEADER = YES;
				CLANG_WARN_RANGE_LOOP_ANALYSIS = YES;
				CLANG_WARN_STRICT_PROTOTYPES = YES;
				CLANG_WARN_SUSPICIOUS_MOVE = YES;
				CLANG_WARN_UNGUARDED_AVAILABILITY = YES_AGGRESSIVE;
				CLANG_WARN_UNREACHABLE_CODE = YES;
				CLANG_WARN__DUPLICATE_METHOD_MATCH = YES;
				COPY_PHASE_STRIP = NO;
				DEBUG_INFORMATION_FORMAT = "dwarf-with-dsym";
				DEVELOPMENT_TEAM = MC8BT9Z8GD;
				ENABLE_NS_ASSERTIONS = NO;
				ENABLE_STRICT_OBJC_MSGSEND = YES;
				ENABLE_USER_SCRIPT_SANDBOXING = YES;
				GCC_C_LANGUAGE_STANDARD = gnu17;
				GCC_NO_COMMON_BLOCKS = YES;
				GCC_WARN_64_TO_32_BIT_CONVERSION = YES;
				GCC_WARN_ABOUT_RETURN_TYPE = YES_ERROR;
				GCC_WARN_UNDECLARED_SELECTOR = YES;
				GCC_WARN_UNINITIALIZED_AUTOS = YES_AGGRESSIVE;
				GCC_WARN_UNUSED_FUNCTION = YES;
				GCC_WARN_UNUSED_VARIABLE = YES;
				IPHONEOS_DEPLOYMENT_TARGET = 18.4;
				LOCALIZATION_PREFERS_STRING_CATALOGS = YES;
				MTL_ENABLE_DEBUG_INFO = NO;
				MTL_FAST_MATH = YES;
				SDKROOT = iphoneos;
				SWIFT_COMPILATION_MODE = wholemodule;
				VALIDATE_PRODUCT = YES;
			};
			name = Release;
		};
		88DA8A9B2D9F65D00093E6C7 /* Debug */ = {
			isa = XCBuildConfiguration;
			buildSettings = {
				ASSETCATALOG_COMPILER_APPICON_NAME = AppIcon;
				ASSETCATALOG_COMPILER_GLOBAL_ACCENT_COLOR_NAME = AccentColor;
				CODE_SIGN_STYLE = Automatic;
				CURRENT_PROJECT_VERSION = 1;
				DEVELOPMENT_TEAM = MC8BT9Z8GD;
				ENABLE_PREVIEWS = YES;
				GENERATE_INFOPLIST_FILE = YES;
				INFOPLIST_KEY_UIApplicationSceneManifest_Generation = YES;
				INFOPLIST_KEY_UIApplicationSupportsIndirectInputEvents = YES;
				INFOPLIST_KEY_UILaunchScreen_Generation = YES;
				INFOPLIST_KEY_UISupportedInterfaceOrientations_iPad = "UIInterfaceOrientationPortrait UIInterfaceOrientationPortraitUpsideDown UIInterfaceOrientationLandscapeLeft UIInterfaceOrientationLandscapeRight";
				INFOPLIST_KEY_UISupportedInterfaceOrientations_iPhone = "UIInterfaceOrientationPortrait UIInterfaceOrientationLandscapeLeft UIInterfaceOrientationLandscapeRight";
				LD_RUNPATH_SEARCH_PATHS = (
					"$(inherited)",
					"@executable_path/Frameworks",
				);
				MARKETING_VERSION = 1.0;
				PRODUCT_BUNDLE_IDENTIFIER = ai.tucuxi.EuniMockInterview;
				PRODUCT_NAME = "$(TARGET_NAME)";
				SWIFT_EMIT_LOC_STRINGS = YES;
				SWIFT_VERSION = 5.0;
				TARGETED_DEVICE_FAMILY = "1,2";
			};
			name = Debug;
		};
		88DA8A9C2D9F65D00093E6C7 /* Release */ = {
			isa = XCBuildConfiguration;
			buildSettings = {
				ASSETCATALOG_COMPILER_APPICON_NAME = AppIcon;
				ASSETCATALOG_COMPILER_GLOBAL_ACCENT_COLOR_NAME = AccentColor;
				CODE_SIGN_STYLE = Automatic;
				CURRENT_PROJECT_VERSION = 1;
				DEVELOPMENT_TEAM = MC8BT9Z8GD;
				ENABLE_PREVIEWS = YES;
				GENERATE_INFOPLIST_FILE = YES;
				INFOPLIST_KEY_UIApplicationSceneManifest_Generation = YES;
				INFOPLIST_KEY_UIApplicationSupportsIndirectInputEvents = YES;
				INFOPLIST_KEY_UILaunchScreen_Generation = YES;
				INFOPLIST_KEY_UISupportedInterfaceOrientations_iPad = "UIInterfaceOrientationPortrait UIInterfaceOrientationPortraitUpsideDown UIInterfaceOrientationLandscapeLeft UIInterfaceOrientationLandscapeRight";
				INFOPLIST_KEY_UISupportedInterfaceOrientations_iPhone = "UIInterfaceOrientationPortrait UIInterfaceOrientationLandscapeLeft UIInterfaceOrientationLandscapeRight";
				LD_RUNPATH_SEARCH_PATHS = (
					"$(inherited)",
					"@executable_path/Frameworks",
				);
				MARKETING_VERSION = 1.0;
				PRODUCT_BUNDLE_IDENTIFIER = ai.tucuxi.EuniMockInterview;
				PRODUCT_NAME = "$(TARGET_NAME)";
				SWIFT_EMIT_LOC_STRINGS = YES;
				SWIFT_VERSION = 5.0;
				TARGETED_DEVICE_FAMILY = "1,2";
			};
			name = Release;
		};
		88DA8A9E2D9F65D00093E6C7 /* Debug */ = {
			isa = XCBuildConfiguration;
			buildSettings = {
				BUNDLE_LOADER = "$(TEST_HOST)";
				CODE_SIGN_STYLE = Automatic;
				CURRENT_PROJECT_VERSION = 1;
				DEVELOPMENT_TEAM = MC8BT9Z8GD;
				GENERATE_INFOPLIST_FILE = YES;
				IPHONEOS_DEPLOYMENT_TARGET = 18.4;
				MARKETING_VERSION = 1.0;
				PRODUCT_BUNDLE_IDENTIFIER = ai.tucuxi.EuniMockInterviewTests;
				PRODUCT_NAME = "$(TARGET_NAME)";
				SWIFT_EMIT_LOC_STRINGS = NO;
				SWIFT_VERSION = 5.0;
				TARGETED_DEVICE_FAMILY = "1,2";
				TEST_HOST = "$(BUILT_PRODUCTS_DIR)/EuniMockInterview.app/$(BUNDLE_EXECUTABLE_FOLDER_PATH)/EuniMockInterview";
			};
			name = Debug;
		};
		88DA8A9F2D9F65D00093E6C7 /* Release */ = {
			isa = XCBuildConfiguration;
			buildSettings = {
				BUNDLE_LOADER = "$(TEST_HOST)";
				CODE_SIGN_STYLE = Automatic;
				CURRENT_PROJECT_VERSION = 1;
				DEVELOPMENT_TEAM = MC8BT9Z8GD;
				GENERATE_INFOPLIST_FILE = YES;
				IPHONEOS_DEPLOYMENT_TARGET = 18.4;
				MARKETING_VERSION = 1.0;
				PRODUCT_BUNDLE_IDENTIFIER = ai.tucuxi.EuniMockInterviewTests;
				PRODUCT_NAME = "$(TARGET_NAME)";
				SWIFT_EMIT_LOC_STRINGS = NO;
				SWIFT_VERSION = 5.0;
				TARGETED_DEVICE_FAMILY = "1,2";
				TEST_HOST = "$(BUILT_PRODUCTS_DIR)/EuniMockInterview.app/$(BUNDLE_EXECUTABLE_FOLDER_PATH)/EuniMockInterview";
			};
			name = Release;
		};
		88DA8AA12D9F65D00093E6C7 /* Debug */ = {
			isa = XCBuildConfiguration;
			buildSettings = {
				CODE_SIGN_STYLE = Automatic;
				CURRENT_PROJECT_VERSION = 1;
				DEVELOPMENT_TEAM = MC8BT9Z8GD;
				GENERATE_INFOPLIST_FILE = YES;
				MARKETING_VERSION = 1.0;
				PRODUCT_BUNDLE_IDENTIFIER = ai.tucuxi.EuniMockInterviewUITests;
				PRODUCT_NAME = "$(TARGET_NAME)";
				SWIFT_EMIT_LOC_STRINGS = NO;
				SWIFT_VERSION = 5.0;
				TARGETED_DEVICE_FAMILY = "1,2";
				TEST_TARGET_NAME = EuniMockInterview;
			};
			name = Debug;
		};
		88DA8AA22D9F65D00093E6C7 /* Release */ = {
			isa = XCBuildConfiguration;
			buildSettings = {
				CODE_SIGN_STYLE = Automatic;
				CURRENT_PROJECT_VERSION = 1;
				DEVELOPMENT_TEAM = MC8BT9Z8GD;
				GENERATE_INFOPLIST_FILE = YES;
				MARKETING_VERSION = 1.0;
				PRODUCT_BUNDLE_IDENTIFIER = ai.tucuxi.EuniMockInterviewUITests;
				PRODUCT_NAME = "$(TARGET_NAME)";
				SWIFT_EMIT_LOC_STRINGS = NO;
				SWIFT_VERSION = 5.0;
				TARGETED_DEVICE_FAMILY = "1,2";
				TEST_TARGET_NAME = EuniMockInterview;
			};
			name = Release;
		};
/* End XCBuildConfiguration section */

/* Begin XCConfigurationList section */
		88DA8A722D9F65CF0093E6C7 /* Build configuration list for PBXProject "EuniMockInterview" */ = {
			isa = XCConfigurationList;
			buildConfigurations = (
				88DA8A982D9F65D00093E6C7 /* Debug */,
				88DA8A992D9F65D00093E6C7 /* Release */,
			);
			defaultConfigurationIsVisible = 0;
			defaultConfigurationName = Release;
		};
		88DA8A9A2D9F65D00093E6C7 /* Build configuration list for PBXNativeTarget "EuniMockInterview" */ = {
			isa = XCConfigurationList;
			buildConfigurations = (
				88DA8A9B2D9F65D00093E6C7 /* Debug */,
				88DA8A9C2D9F65D00093E6C7 /* Release */,
			);
			defaultConfigurationIsVisible = 0;
			defaultConfigurationName = Release;
		};
		88DA8A9D2D9F65D00093E6C7 /* Build configuration list for PBXNativeTarget "EuniMockInterviewTests" */ = {
			isa = XCConfigurationList;
			buildConfigurations = (
				88DA8A9E2D9F65D00093E6C7 /* Debug */,
				88DA8A9F2D9F65D00093E6C7 /* Release */,
			);
			defaultConfigurationIsVisible = 0;
			defaultConfigurationName = Release;
		};
		88DA8AA02D9F65D00093E6C7 /* Build configuration list for PBXNativeTarget "EuniMockInterviewUITests" */ = {
			isa = XCConfigurationList;
			buildConfigurations = (
				88DA8AA12D9F65D00093E6C7 /* Debug */,
				88DA8AA22D9F65D00093E6C7 /* Release */,
			);
			defaultConfigurationIsVisible = 0;
			defaultConfigurationName = Release;
		};
/* End XCConfigurationList section */
	};
	rootObject = 88DA8A6F2D9F65CF0093E6C7 /* Project object */;
}
